{
    "version": 3,
    "terraform_version": "0.11.9",
    "serial": 6,
    "lineage": "4e4e6f7c-f755-ea26-e52e-01265695b90d",
    "modules": [
        {
            "path": [
                "root"
            ],
            "outputs": {},
            "resources": {
                "google_compute_instance.crawler-host": {
                    "type": "google_compute_instance",
                    "depends_on": [],
                    "primary": {
                        "id": "crawler",
                        "attributes": {
                            "attached_disk.#": "0",
                            "boot_disk.#": "1",
                            "boot_disk.0.auto_delete": "true",
                            "boot_disk.0.device_name": "persistent-disk-0",
                            "boot_disk.0.disk_encryption_key_raw": "",
                            "boot_disk.0.disk_encryption_key_sha256": "",
                            "boot_disk.0.initialize_params.#": "1",
                            "boot_disk.0.initialize_params.0.image": "ubuntu-1604-lts",
                            "boot_disk.0.initialize_params.0.size": "0",
                            "boot_disk.0.initialize_params.0.type": "",
                            "boot_disk.0.source": "https://www.googleapis.com/compute/v1/projects/otus-239820/zones/europe-west1-c/disks/crawler",
                            "can_ip_forward": "false",
                            "cpu_platform": "Intel Haswell",
                            "create_timeout": "4",
                            "guest_accelerator.#": "0",
                            "id": "crawler",
                            "instance_id": "6852812024527002362",
                            "label_fingerprint": "42WmSpB8rSM=",
                            "machine_type": "n1-standard-1",
                            "metadata.%": "1",
                            "metadata.ssh-keys": "appuser:ssh-rsa AAAAB3NzaC1yc2EAAAADAQABAAABAQDOhyEiIQB4J902Y2s3+og3goJ9+DVJFpLoQQQ4CDBXdrsG8NFlIQgpjcuNVop+rxW1+nW6UcZqb0p7Ed3wvkkZKsPZuc9X0WO7adc2gphLrIXsnbceMcnd0WgU8c5B9vkMbTzlFnDnB3qHsRLrkNLHTK+3WPe994j7IFCRstWTU/sPgTNpNiwOzUS5pnXMUfA0vB//qM+5daB6L2y+niwpxtIb4yxfDr8O5UjzdT1K2crnC8RMVLWuqqtsDkt42qPBEZwvz1A/C1rKLdlUZPRwT08PBjP6ZS4HfI9VIuXrleRdgM9zTtRh3CKpPSfs969GFuZcF+B/NAYVDi05yBbx appuser\n",
                            "metadata_fingerprint": "plx2qnNxuDw=",
                            "min_cpu_platform": "",
                            "name": "crawler",
                            "network_interface.#": "1",
                            "network_interface.0.access_config.#": "1",
                            "network_interface.0.access_config.0.assigned_nat_ip": "34.76.178.155",
                            "network_interface.0.access_config.0.nat_ip": "34.76.178.155",
                            "network_interface.0.address": "10.132.0.4",
                            "network_interface.0.alias_ip_range.#": "0",
                            "network_interface.0.name": "nic0",
                            "network_interface.0.network": "https://www.googleapis.com/compute/v1/projects/otus-239820/global/networks/default",
                            "network_interface.0.network_ip": "10.132.0.4",
                            "network_interface.0.subnetwork": "https://www.googleapis.com/compute/v1/projects/otus-239820/regions/europe-west1/subnetworks/default",
                            "network_interface.0.subnetwork_project": "otus-239820",
                            "project": "otus-239820",
                            "scheduling.#": "1",
                            "scheduling.0.automatic_restart": "true",
                            "scheduling.0.on_host_maintenance": "MIGRATE",
                            "scheduling.0.preemptible": "false",
                            "scratch_disk.#": "0",
                            "self_link": "https://www.googleapis.com/compute/v1/projects/otus-239820/zones/europe-west1-c/instances/crawler",
                            "service_account.#": "0",
                            "tags.#": "1",
                            "tags.3559808674": "crawler",
                            "tags_fingerprint": "e09lRls5Fos=",
                            "zone": "europe-west1-c"
                        },
                        "meta": {
                            "schema_version": "6"
                        },
                        "tainted": true
                    },
                    "deposed": [],
                    "provider": "provider.google"
                },
                "google_compute_project_metadata_item.default": {
                    "type": "google_compute_project_metadata_item",
                    "depends_on": [],
                    "primary": {
                        "id": "ssh-keys",
                        "attributes": {
                            "id": "ssh-keys",
                            "key": "ssh-keys",
                            "value": "appuser:ssh-rsa AAAAB3NzaC1yc2EAAAADAQABAAABAQDOhyEiIQB4J902Y2s3+og3goJ9+DVJFpLoQQQ4CDBXdrsG8NFlIQgpjcuNVop+rxW1+nW6UcZqb0p7Ed3wvkkZKsPZuc9X0WO7adc2gphLrIXsnbceMcnd0WgU8c5B9vkMbTzlFnDnB3qHsRLrkNLHTK+3WPe994j7IFCRstWTU/sPgTNpNiwOzUS5pnXMUfA0vB//qM+5daB6L2y+niwpxtIb4yxfDr8O5UjzdT1K2crnC8RMVLWuqqtsDkt42qPBEZwvz1A/C1rKLdlUZPRwT08PBjP6ZS4HfI9VIuXrleRdgM9zTtRh3CKpPSfs969GFuZcF+B/NAYVDi05yBbx appuser\n"
                        },
                        "meta": {},
                        "tainted": false
                    },
                    "deposed": [],
                    "provider": "provider.google"
                }
            },
            "depends_on": []
        }
    ]
}
